// !$*UTF8*$!
{
	archiveVersion = 1;
	classes = {
	};
	objectVersion = 50;
	objects = {

/* Begin PBXBuildFile section */
		07988E5E255F97660082B1D4 /* Conn4Tests.swift in Sources */ = {isa = PBXBuildFile; fileRef = 07988E5D255F97660082B1D4 /* Conn4Tests.swift */; };
		07988E62255F97C80082B1D4 /* Conn4Board.swift in Sources */ = {isa = PBXBuildFile; fileRef = 07988E61255F97C80082B1D4 /* Conn4Board.swift */; };
		07AA519F255B0F7B00C6D8AC /* SetTests.swift in Sources */ = {isa = PBXBuildFile; fileRef = 07AA519E255B0F7B00C6D8AC /* SetTests.swift */; };
		07AA51A3255B10C300C6D8AC /* Conn4Piece.swift in Sources */ = {isa = PBXBuildFile; fileRef = 07AA51A2255B10C300C6D8AC /* Conn4Piece.swift */; };
		07AA51A7255B10EF00C6D8AC /* Conn4Player.swift in Sources */ = {isa = PBXBuildFile; fileRef = 07AA51A6255B10EF00C6D8AC /* Conn4Player.swift */; };
		07DA9B58254B074000D51B66 /* AppDelegate.swift in Sources */ = {isa = PBXBuildFile; fileRef = 07DA9B57254B074000D51B66 /* AppDelegate.swift */; };
		07DA9B5A254B074000D51B66 /* SceneDelegate.swift in Sources */ = {isa = PBXBuildFile; fileRef = 07DA9B59254B074000D51B66 /* SceneDelegate.swift */; };
		07DA9B5C254B074000D51B66 /* Conn4ViewController.swift in Sources */ = {isa = PBXBuildFile; fileRef = 07DA9B5B254B074000D51B66 /* Conn4ViewController.swift */; };
		07DA9B5F254B074000D51B66 /* Main.storyboard in Resources */ = {isa = PBXBuildFile; fileRef = 07DA9B5D254B074000D51B66 /* Main.storyboard */; };
		07DA9B61254B074000D51B66 /* Assets.xcassets in Resources */ = {isa = PBXBuildFile; fileRef = 07DA9B60254B074000D51B66 /* Assets.xcassets */; };
		07DA9B64254B074000D51B66 /* LaunchScreen.storyboard in Resources */ = {isa = PBXBuildFile; fileRef = 07DA9B62254B074000D51B66 /* LaunchScreen.storyboard */; };
		07DA9B6D254B078F00D51B66 /* BoardView.swift in Sources */ = {isa = PBXBuildFile; fileRef = 07DA9B6C254B078F00D51B66 /* BoardView.swift */; };
/* End PBXBuildFile section */

/* Begin PBXContainerItemProxy section */
		07AA5195255B0F3900C6D8AC /* PBXContainerItemProxy */ = {
			isa = PBXContainerItemProxy;
			containerPortal = 07DA9B4C254B074000D51B66 /* Project object */;
			proxyType = 1;
			remoteGlobalIDString = 07DA9B53254B074000D51B66;
			remoteInfo = ConnectFourBoard;
		};
/* End PBXContainerItemProxy section */

/* Begin PBXFileReference section */
		07988E5D255F97660082B1D4 /* Conn4Tests.swift */ = {isa = PBXFileReference; lastKnownFileType = sourcecode.swift; path = Conn4Tests.swift; sourceTree = "<group>"; };
		07988E61255F97C80082B1D4 /* Conn4Board.swift */ = {isa = PBXFileReference; lastKnownFileType = sourcecode.swift; path = Conn4Board.swift; sourceTree = "<group>"; };
		07AA5190255B0F3900C6D8AC /* Connect4Tests.xctest */ = {isa = PBXFileReference; explicitFileType = wrapper.cfbundle; includeInIndex = 0; path = Connect4Tests.xctest; sourceTree = BUILT_PRODUCTS_DIR; };
		07AA5194255B0F3900C6D8AC /* Info.plist */ = {isa = PBXFileReference; lastKnownFileType = text.plist.xml; path = Info.plist; sourceTree = "<group>"; };
		07AA519E255B0F7B00C6D8AC /* SetTests.swift */ = {isa = PBXFileReference; lastKnownFileType = sourcecode.swift; path = SetTests.swift; sourceTree = "<group>"; };
		07AA51A2255B10C300C6D8AC /* Conn4Piece.swift */ = {isa = PBXFileReference; lastKnownFileType = sourcecode.swift; path = Conn4Piece.swift; sourceTree = "<group>"; };
		07AA51A6255B10EF00C6D8AC /* Conn4Player.swift */ = {isa = PBXFileReference; lastKnownFileType = sourcecode.swift; path = Conn4Player.swift; sourceTree = "<group>"; };
		07DA9B54254B074000D51B66 /* ConnectFourBoard.app */ = {isa = PBXFileReference; explicitFileType = wrapper.application; includeInIndex = 0; path = ConnectFourBoard.app; sourceTree = BUILT_PRODUCTS_DIR; };
		07DA9B57254B074000D51B66 /* AppDelegate.swift */ = {isa = PBXFileReference; lastKnownFileType = sourcecode.swift; path = AppDelegate.swift; sourceTree = "<group>"; };
		07DA9B59254B074000D51B66 /* SceneDelegate.swift */ = {isa = PBXFileReference; lastKnownFileType = sourcecode.swift; path = SceneDelegate.swift; sourceTree = "<group>"; };
		07DA9B5B254B074000D51B66 /* Conn4ViewController.swift */ = {isa = PBXFileReference; lastKnownFileType = sourcecode.swift; path = Conn4ViewController.swift; sourceTree = "<group>"; };
		07DA9B5E254B074000D51B66 /* Base */ = {isa = PBXFileReference; lastKnownFileType = file.storyboard; name = Base; path = Base.lproj/Main.storyboard; sourceTree = "<group>"; };
		07DA9B60254B074000D51B66 /* Assets.xcassets */ = {isa = PBXFileReference; lastKnownFileType = folder.assetcatalog; path = Assets.xcassets; sourceTree = "<group>"; };
		07DA9B63254B074000D51B66 /* Base */ = {isa = PBXFileReference; lastKnownFileType = file.storyboard; name = Base; path = Base.lproj/LaunchScreen.storyboard; sourceTree = "<group>"; };
		07DA9B65254B074000D51B66 /* Info.plist */ = {isa = PBXFileReference; lastKnownFileType = text.plist.xml; path = Info.plist; sourceTree = "<group>"; };
		07DA9B6C254B078F00D51B66 /* BoardView.swift */ = {isa = PBXFileReference; lastKnownFileType = sourcecode.swift; path = BoardView.swift; sourceTree = "<group>"; };
/* End PBXFileReference section */

/* Begin PBXFrameworksBuildPhase section */
		07AA518D255B0F3900C6D8AC /* Frameworks */ = {
			isa = PBXFrameworksBuildPhase;
			buildActionMask = 2147483647;
			files = (
			);
			runOnlyForDeploymentPostprocessing = 0;
		};
		07DA9B51254B074000D51B66 /* Frameworks */ = {
			isa = PBXFrameworksBuildPhase;
			buildActionMask = 2147483647;
			files = (
			);
			runOnlyForDeploymentPostprocessing = 0;
		};
/* End PBXFrameworksBuildPhase section */

/* Begin PBXGroup section */
		07AA5191255B0F3900C6D8AC /* Connect4Tests */ = {
			isa = PBXGroup;
			children = (
				07AA5194255B0F3900C6D8AC /* Info.plist */,
				07AA519E255B0F7B00C6D8AC /* SetTests.swift */,
				07988E5D255F97660082B1D4 /* Conn4Tests.swift */,
			);
			path = Connect4Tests;
			sourceTree = "<group>";
		};
		07DA9B4B254B074000D51B66 = {
			isa = PBXGroup;
			children = (
				07DA9B56254B074000D51B66 /* ConnectFourBoard */,
				07AA5191255B0F3900C6D8AC /* Connect4Tests */,
				07DA9B55254B074000D51B66 /* Products */,
			);
			sourceTree = "<group>";
		};
		07DA9B55254B074000D51B66 /* Products */ = {
			isa = PBXGroup;
			children = (
				07DA9B54254B074000D51B66 /* ConnectFourBoard.app */,
				07AA5190255B0F3900C6D8AC /* Connect4Tests.xctest */,
			);
			name = Products;
			sourceTree = "<group>";
		};
		07DA9B56254B074000D51B66 /* ConnectFourBoard */ = {
			isa = PBXGroup;
			children = (
				07AA51A6255B10EF00C6D8AC /* Conn4Player.swift */,
				07AA51A2255B10C300C6D8AC /* Conn4Piece.swift */,
				07988E61255F97C80082B1D4 /* Conn4Board.swift */,
				07DA9B57254B074000D51B66 /* AppDelegate.swift */,
				07DA9B59254B074000D51B66 /* SceneDelegate.swift */,
				07DA9B6C254B078F00D51B66 /* BoardView.swift */,
				07DA9B5B254B074000D51B66 /* Conn4ViewController.swift */,
				07DA9B5D254B074000D51B66 /* Main.storyboard */,
				07DA9B60254B074000D51B66 /* Assets.xcassets */,
				07DA9B62254B074000D51B66 /* LaunchScreen.storyboard */,
				07DA9B65254B074000D51B66 /* Info.plist */,
			);
			path = ConnectFourBoard;
			sourceTree = "<group>";
		};
/* End PBXGroup section */

/* Begin PBXNativeTarget section */
		07AA518F255B0F3900C6D8AC /* Connect4Tests */ = {
			isa = PBXNativeTarget;
			buildConfigurationList = 07AA5199255B0F3900C6D8AC /* Build configuration list for PBXNativeTarget "Connect4Tests" */;
			buildPhases = (
				07AA518C255B0F3900C6D8AC /* Sources */,
				07AA518D255B0F3900C6D8AC /* Frameworks */,
				07AA518E255B0F3900C6D8AC /* Resources */,
			);
			buildRules = (
			);
			dependencies = (
				07AA5196255B0F3900C6D8AC /* PBXTargetDependency */,
			);
			name = Connect4Tests;
			productName = Connect4Tests;
			productReference = 07AA5190255B0F3900C6D8AC /* Connect4Tests.xctest */;
			productType = "com.apple.product-type.bundle.unit-test";
		};
		07DA9B53254B074000D51B66 /* ConnectFourBoard */ = {
			isa = PBXNativeTarget;
			buildConfigurationList = 07DA9B68254B074000D51B66 /* Build configuration list for PBXNativeTarget "ConnectFourBoard" */;
			buildPhases = (
				07DA9B50254B074000D51B66 /* Sources */,
				07DA9B51254B074000D51B66 /* Frameworks */,
				07DA9B52254B074000D51B66 /* Resources */,
			);
			buildRules = (
			);
			dependencies = (
			);
			name = ConnectFourBoard;
			productName = ConnectFourBoard;
			productReference = 07DA9B54254B074000D51B66 /* ConnectFourBoard.app */;
			productType = "com.apple.product-type.application";
		};
/* End PBXNativeTarget section */

/* Begin PBXProject section */
		07DA9B4C254B074000D51B66 /* Project object */ = {
			isa = PBXProject;
			attributes = {
				LastSwiftUpdateCheck = 1210;
				LastUpgradeCheck = 1210;
				TargetAttributes = {
					07AA518F255B0F3900C6D8AC = {
						CreatedOnToolsVersion = 12.1;
						LastSwiftMigration = 1210;
						TestTargetID = 07DA9B53254B074000D51B66;
					};
					07DA9B53254B074000D51B66 = {
						CreatedOnToolsVersion = 12.1;
					};
				};
			};
			buildConfigurationList = 07DA9B4F254B074000D51B66 /* Build configuration list for PBXProject "ConnectFourBoard" */;
			compatibilityVersion = "Xcode 9.3";
			developmentRegion = en;
			hasScannedForEncodings = 0;
			knownRegions = (
				en,
				Base,
			);
			mainGroup = 07DA9B4B254B074000D51B66;
			productRefGroup = 07DA9B55254B074000D51B66 /* Products */;
			projectDirPath = "";
			projectRoot = "";
			targets = (
				07DA9B53254B074000D51B66 /* ConnectFourBoard */,
				07AA518F255B0F3900C6D8AC /* Connect4Tests */,
			);
		};
/* End PBXProject section */

/* Begin PBXResourcesBuildPhase section */
		07AA518E255B0F3900C6D8AC /* Resources */ = {
			isa = PBXResourcesBuildPhase;
			buildActionMask = 2147483647;
			files = (
			);
			runOnlyForDeploymentPostprocessing = 0;
		};
		07DA9B52254B074000D51B66 /* Resources */ = {
			isa = PBXResourcesBuildPhase;
			buildActionMask = 2147483647;
			files = (
				07DA9B64254B074000D51B66 /* LaunchScreen.storyboard in Resources */,
				07DA9B61254B074000D51B66 /* Assets.xcassets in Resources */,
				07DA9B5F254B074000D51B66 /* Main.storyboard in Resources */,
			);
			runOnlyForDeploymentPostprocessing = 0;
		};
/* End PBXResourcesBuildPhase section */

/* Begin PBXSourcesBuildPhase section */
		07AA518C255B0F3900C6D8AC /* Sources */ = {
			isa = PBXSourcesBuildPhase;
			buildActionMask = 2147483647;
			files = (
				07988E5E255F97660082B1D4 /* Conn4Tests.swift in Sources */,
				07AA519F255B0F7B00C6D8AC /* SetTests.swift in Sources */,
			);
			runOnlyForDeploymentPostprocessing = 0;
		};
		07DA9B50254B074000D51B66 /* Sources */ = {
			isa = PBXSourcesBuildPhase;
			buildActionMask = 2147483647;
			files = (
				07DA9B5C254B074000D51B66 /* Conn4ViewController.swift in Sources */,
				07AA51A3255B10C300C6D8AC /* Conn4Piece.swift in Sources */,
				07DA9B6D254B078F00D51B66 /* BoardView.swift in Sources */,
				07DA9B58254B074000D51B66 /* AppDelegate.swift in Sources */,
				07DA9B5A254B074000D51B66 /* SceneDelegate.swift in Sources */,
				07988E62255F97C80082B1D4 /* Conn4Board.swift in Sources */,
				07AA51A7255B10EF00C6D8AC /* Conn4Player.swift in Sources */,
			);
			runOnlyForDeploymentPostprocessing = 0;
		};
/* End PBXSourcesBuildPhase section */

/* Begin PBXTargetDependency section */
		07AA5196255B0F3900C6D8AC /* PBXTargetDependency */ = {
			isa = PBXTargetDependency;
			target = 07DA9B53254B074000D51B66 /* ConnectFourBoard */;
			targetProxy = 07AA5195255B0F3900C6D8AC /* PBXContainerItemProxy */;
		};
/* End PBXTargetDependency section */

/* Begin PBXVariantGroup section */
		07DA9B5D254B074000D51B66 /* Main.storyboard */ = {
			isa = PBXVariantGroup;
			children = (
				07DA9B5E254B074000D51B66 /* Base */,
			);
			name = Main.storyboard;
			sourceTree = "<group>";
		};
		07DA9B62254B074000D51B66 /* LaunchScreen.storyboard */ = {
			isa = PBXVariantGroup;
			children = (
				07DA9B63254B074000D51B66 /* Base */,
			);
			name = LaunchScreen.storyboard;
			sourceTree = "<group>";
		};
/* End PBXVariantGroup section */

/* Begin XCBuildConfiguration section */
		07AA5197255B0F3900C6D8AC /* Debug */ = {
			isa = XCBuildConfiguration;
			buildSettings = {
				BUNDLE_LOADER = "$(TEST_HOST)";
				CLANG_ENABLE_MODULES = YES;
				CODE_SIGN_STYLE = Automatic;
				DEVELOPMENT_TEAM = J8B74FCZCC;
				INFOPLIST_FILE = Connect4Tests/Info.plist;
				LD_RUNPATH_SEARCH_PATHS = (
					"$(inherited)",
					"@executable_path/Frameworks",
					"@loader_path/Frameworks",
				);
				PRODUCT_BUNDLE_IDENTIFIER = com.goldthumb.Connect4Tests;
				PRODUCT_NAME = "$(TARGET_NAME)";
				SWIFT_OPTIMIZATION_LEVEL = "-Onone";
				SWIFT_VERSION = 5.0;
				TARGETED_DEVICE_FAMILY = "1,2";
				TEST_HOST = "$(BUILT_PRODUCTS_DIR)/ConnectFourBoard.app/ConnectFourBoard";
			};
			name = Debug;
		};
		07AA5198255B0F3900C6D8AC /* Release */ = {
			isa = XCBuildConfiguration;
			buildSettings = {
				BUNDLE_LOADER = "$(TEST_HOST)";
				CLANG_ENABLE_MODULES = YES;
				CODE_SIGN_STYLE = Automatic;
				DEVELOPMENT_TEAM = J8B74FCZCC;
				INFOPLIST_FILE = Connect4Tests/Info.plist;
				LD_RUNPATH_SEARCH_PATHS = (
					"$(inherited)",
					"@executable_path/Frameworks",
					"@loader_path/Frameworks",
				);
				PRODUCT_BUNDLE_IDENTIFIER = com.goldthumb.Connect4Tests;
				PRODUCT_NAME = "$(TARGET_NAME)";
				SWIFT_VERSION = 5.0;
				TARGETED_DEVICE_FAMILY = "1,2";
				TEST_HOST = "$(BUILT_PRODUCTS_DIR)/ConnectFourBoard.app/ConnectFourBoard";
			};
			name = Release;
		};
		07DA9B66254B074000D51B66 /* Debug */ = {
			isa = XCBuildConfiguration;
			buildSettings = {
				ALWAYS_SEARCH_USER_PATHS = NO;
				CLANG_ANALYZER_NONNULL = YES;
				CLANG_ANALYZER_NUMBER_OBJECT_CONVERSION = YES_AGGRESSIVE;
				CLANG_CXX_LANGUAGE_STANDARD = "gnu++14";
				CLANG_CXX_LIBRARY = "libc++";
				CLANG_ENABLE_MODULES = YES;
				CLANG_ENABLE_OBJC_ARC = YES;
				CLANG_ENABLE_OBJC_WEAK = YES;
				CLANG_WARN_BLOCK_CAPTURE_AUTORELEASING = YES;
				CLANG_WARN_BOOL_CONVERSION = YES;
				CLANG_WARN_COMMA = YES;
				CLANG_WARN_CONSTANT_CONVERSION = YES;
				CLANG_WARN_DEPRECATED_OBJC_IMPLEMENTATIONS = YES;
				CLANG_WARN_DIRECT_OBJC_ISA_USAGE = YES_ERROR;
				CLANG_WARN_DOCUMENTATION_COMMENTS = YES;
				CLANG_WARN_EMPTY_BODY = YES;
				CLANG_WARN_ENUM_CONVERSION = YES;
				CLANG_WARN_INFINITE_RECURSION = YES;
				CLANG_WARN_INT_CONVERSION = YES;
				CLANG_WARN_NON_LITERAL_NULL_CONVERSION = YES;
				CLANG_WARN_OBJC_IMPLICIT_RETAIN_SELF = YES;
				CLANG_WARN_OBJC_LITERAL_CONVERSION = YES;
				CLANG_WARN_OBJC_ROOT_CLASS = YES_ERROR;
				CLANG_WARN_QUOTED_INCLUDE_IN_FRAMEWORK_HEADER = YES;
				CLANG_WARN_RANGE_LOOP_ANALYSIS = YES;
				CLANG_WARN_STRICT_PROTOTYPES = YES;
				CLANG_WARN_SUSPICIOUS_MOVE = YES;
				CLANG_WARN_UNGUARDED_AVAILABILITY = YES_AGGRESSIVE;
				CLANG_WARN_UNREACHABLE_CODE = YES;
				CLANG_WARN__DUPLICATE_METHOD_MATCH = YES;
				COPY_PHASE_STRIP = NO;
				DEBUG_INFORMATION_FORMAT = dwarf;
				ENABLE_STRICT_OBJC_MSGSEND = YES;
				ENABLE_TESTABILITY = YES;
				GCC_C_LANGUAGE_STANDARD = gnu11;
				GCC_DYNAMIC_NO_PIC = NO;
				GCC_NO_COMMON_BLOCKS = YES;
				GCC_OPTIMIZATION_LEVEL = 0;
				GCC_PREPROCESSOR_DEFINITIONS = (
					"DEBUG=1",
					"$(inherited)",
				);
				GCC_WARN_64_TO_32_BIT_CONVERSION = YES;
				GCC_WARN_ABOUT_RETURN_TYPE = YES_ERROR;
				GCC_WARN_UNDECLARED_SELECTOR = YES;
				GCC_WARN_UNINITIALIZED_AUTOS = YES_AGGRESSIVE;
				GCC_WARN_UNUSED_FUNCTION = YES;
				GCC_WARN_UNUSED_VARIABLE = YES;
				IPHONEOS_DEPLOYMENT_TARGET = 14.2;
				MTL_ENABLE_DEBUG_INFO = INCLUDE_SOURCE;
				MTL_FAST_MATH = YES;
				ONLY_ACTIVE_ARCH = YES;
				SDKROOT = iphoneos;
				SWIFT_ACTIVE_COMPILATION_CONDITIONS = DEBUG;
				SWIFT_OPTIMIZATION_LEVEL = "-Onone";
			};
			name = Debug;
		};
		07DA9B67254B074000D51B66 /* Release */ = {
			isa = XCBuildConfiguration;
			buildSettings = {
				ALWAYS_SEARCH_USER_PATHS = NO;
				CLANG_ANALYZER_NONNULL = YES;
				CLANG_ANALYZER_NUMBER_OBJECT_CONVERSION = YES_AGGRESSIVE;
				CLANG_CXX_LANGUAGE_STANDARD = "gnu++14";
				CLANG_CXX_LIBRARY = "libc++";
				CLANG_ENABLE_MODULES = YES;
				CLANG_ENABLE_OBJC_ARC = YES;
				CLANG_ENABLE_OBJC_WEAK = YES;
				CLANG_WARN_BLOCK_CAPTURE_AUTORELEASING = YES;
				CLANG_WARN_BOOL_CONVERSION = YES;
				CLANG_WARN_COMMA = YES;
				CLANG_WARN_CONSTANT_CONVERSION = YES;
				CLANG_WARN_DEPRECATED_OBJC_IMPLEMENTATIONS = YES;
				CLANG_WARN_DIRECT_OBJC_ISA_USAGE = YES_ERROR;
				CLANG_WARN_DOCUMENTATION_COMMENTS = YES;
				CLANG_WARN_EMPTY_BODY = YES;
				CLANG_WARN_ENUM_CONVERSION = YES;
				CLANG_WARN_INFINITE_RECURSION = YES;
				CLANG_WARN_INT_CONVERSION = YES;
				CLANG_WARN_NON_LITERAL_NULL_CONVERSION = YES;
				CLANG_WARN_OBJC_IMPLICIT_RETAIN_SELF = YES;
				CLANG_WARN_OBJC_LITERAL_CONVERSION = YES;
				CLANG_WARN_OBJC_ROOT_CLASS = YES_ERROR;
				CLANG_WARN_QUOTED_INCLUDE_IN_FRAMEWORK_HEADER = YES;
				CLANG_WARN_RANGE_LOOP_ANALYSIS = YES;
				CLANG_WARN_STRICT_PROTOTYPES = YES;
				CLANG_WARN_SUSPICIOUS_MOVE = YES;
				CLANG_WARN_UNGUARDED_AVAILABILITY = YES_AGGRESSIVE;
				CLANG_WARN_UNREACHABLE_CODE = YES;
				CLANG_WARN__DUPLICATE_METHOD_MATCH = YES;
				COPY_PHASE_STRIP = NO;
				DEBUG_INFORMATION_FORMAT = "dwarf-with-dsym";
				ENABLE_NS_ASSERTIONS = NO;
				ENABLE_STRICT_OBJC_MSGSEND = YES;
				GCC_C_LANGUAGE_STANDARD = gnu11;
				GCC_NO_COMMON_BLOCKS = YES;
				GCC_WARN_64_TO_32_BIT_CONVERSION = YES;
				GCC_WARN_ABOUT_RETURN_TYPE = YES_ERROR;
				GCC_WARN_UNDECLARED_SELECTOR = YES;
				GCC_WARN_UNINITIALIZED_AUTOS = YES_AGGRESSIVE;
				GCC_WARN_UNUSED_FUNCTION = YES;
				GCC_WARN_UNUSED_VARIABLE = YES;
				IPHONEOS_DEPLOYMENT_TARGET = 14.2;
				MTL_ENABLE_DEBUG_INFO = NO;
				MTL_FAST_MATH = YES;
				SDKROOT = iphoneos;
				SWIFT_COMPILATION_MODE = wholemodule;
				SWIFT_OPTIMIZATION_LEVEL = "-O";
				VALIDATE_PRODUCT = YES;
			};
			name = Release;
		};
		07DA9B69254B074000D51B66 /* Debug */ = {
			isa = XCBuildConfiguration;
			buildSettings = {
				ASSETCATALOG_COMPILER_APPICON_NAME = AppIcon;
				ASSETCATALOG_COMPILER_GLOBAL_ACCENT_COLOR_NAME = AccentColor;
				CODE_SIGN_STYLE = Automatic;
				DEVELOPMENT_TEAM = J8B74FCZCC;
				INFOPLIST_FILE = ConnectFourBoard/Info.plist;
				LD_RUNPATH_SEARCH_PATHS = (
					"$(inherited)",
					"@executable_path/Frameworks",
				);
				PRODUCT_BUNDLE_IDENTIFIER = com.goldthumb.ConnectFourBoard;
				PRODUCT_NAME = "$(TARGET_NAME)";
				SWIFT_VERSION = 5.0;
				TARGETED_DEVICE_FAMILY = "1,2";
			};
			name = Debug;
		};
		07DA9B6A254B074000D51B66 /* Release */ = {
			isa = XCBuildConfiguration;
			buildSettings = {
				ASSETCATALOG_COMPILER_APPICON_NAME = AppIcon;
				ASSETCATALOG_COMPILER_GLOBAL_ACCENT_COLOR_NAME = AccentColor;
				CODE_SIGN_STYLE = Automatic;
				DEVELOPMENT_TEAM = J8B74FCZCC;
				INFOPLIST_FILE = ConnectFourBoard/Info.plist;
				LD_RUNPATH_SEARCH_PATHS = (
					"$(inherited)",
					"@executable_path/Frameworks",
				);
				PRODUCT_BUNDLE_IDENTIFIER = com.goldthumb.ConnectFourBoard;
				PRODUCT_NAME = "$(TARGET_NAME)";
				SWIFT_VERSION = 5.0;
				TARGETED_DEVICE_FAMILY = "1,2";
			};
			name = Release;
		};
/* End XCBuildConfiguration section */

/* Begin XCConfigurationList section */
		07AA5199255B0F3900C6D8AC /* Build configuration list for PBXNativeTarget "Connect4Tests" */ = {
			isa = XCConfigurationList;
			buildConfigurations = (
				07AA5197255B0F3900C6D8AC /* Debug */,
				07AA5198255B0F3900C6D8AC /* Release */,
			);
			defaultConfigurationIsVisible = 0;
			defaultConfigurationName = Release;
		};
		07DA9B4F254B074000D51B66 /* Build configuration list for PBXProject "ConnectFourBoard" */ = {
			isa = XCConfigurationList;
			buildConfigurations = (
				07DA9B66254B074000D51B66 /* Debug */,
				07DA9B67254B074000D51B66 /* Release */,
			);
			defaultConfigurationIsVisible = 0;
			defaultConfigurationName = Release;
		};
		07DA9B68254B074000D51B66 /* Build configuration list for PBXNativeTarget "ConnectFourBoard" */ = {
			isa = XCConfigurationList;
			buildConfigurations = (
				07DA9B69254B074000D51B66 /* Debug */,
				07DA9B6A254B074000D51B66 /* Release */,
			);
			defaultConfigurationIsVisible = 0;
			defaultConfigurationName = Release;
		};
/* End XCConfigurationList section */
	};
	rootObject = 07DA9B4C254B074000D51B66 /* Project object */;
}
